
Microsoft Visual Studio Solution File, Format Version 12.00
# Visual Studio 2013
VisualStudioVersion = 12.0.31101.0
MinimumVisualStudioVersion = 10.0.40219.1
Project("{FAE04EC0-301F-11D3-BF4B-00C04F79EFBC}") = "ExtendedGifCoder", "ExtendedGifCoder\ExtendedGifCoder.csproj", "{F7B14E74-C752-439F-AF48-1862D6D9A26C}"
EndProject
Project("{FAE04EC0-301F-11D3-BF4B-00C04F79EFBC}") = "GifCoderTest", "GifCoderTest\GifCoderTest.csproj", "{236243CA-8726-4108-9213-AF3ACEDC488E}"
EndProject
Global
	GlobalSection(SolutionConfigurationPlatforms) = preSolution
		Debug|Any CPU = Debug|Any CPU
		Release|Any CPU = Release|Any CPU
	EndGlobalSection
	GlobalSection(ProjectConfigurationPlatforms) = postSolution
		{F7B14E74-C752-439F-AF48-1862D6D9A26C}.Debug|Any CPU.ActiveCfg = Debug|Any CPU
		{F7B14E74-C752-439F-AF48-1862D6D9A26C}.Debug|Any CPU.Build.0 = Debug|Any CPU
		{F7B14E74-C752-439F-AF48-1862D6D9A26C}.Release|Any CPU.ActiveCfg = Release|Any CPU
		{F7B14E74-C752-439F-AF48-1862D6D9A26C}.Release|Any CPU.Build.0 = Release|Any CPU
		{236243CA-8726-4108-9213-AF3ACEDC488E}.Debug|Any CPU.ActiveCfg = Debug|Any CPU
		{236243CA-8726-4108-9213-AF3ACEDC488E}.Debug|Any CPU.Build.0 = Debug|Any CPU
		{236243CA-8726-4108-9213-AF3ACEDC488E}.Release|Any CPU.ActiveCfg = Release|Any CPU
		{236243CA-8726-4108-9213-AF3ACEDC488E}.Release|Any CPU.Build.0 = Release|Any CPU
	EndGlobalSection
	GlobalSection(SolutionProperties) = preSolution
		HideSolutionNode = FALSE
	EndGlobalSection
EndGlobal
